
Microsoft Visual Studio Solution File, Format Version 12.00
# Visual Studio Version 17
VisualStudioVersion = 17.8.34322.80
MinimumVisualStudioVersion = 10.0.40219.1
Project("{8BC9CEB8-8B4A-11D0-8D11-00A0C91BC942}") = "IPCalculator", "IPCalculator\IPCalculator.vcxproj", "{9AA811DD-A706-4D81-BE39-BA373A047CA0}"
EndProject
Global
	GlobalSection(SolutionConfigurationPlatforms) = preSolution
		Debug|x64 = Debug|x64
		Debug|x86 = Debug|x86
		Release|x64 = Release|x64
		Release|x86 = Release|x86
	EndGlobalSection
	GlobalSection(ProjectConfigurationPlatforms) = postSolution
		{9AA811DD-A706-4D81-BE39-BA373A047CA0}.Debug|x64.ActiveCfg = Debug|x64
		{9AA811DD-A706-4D81-BE39-BA373A047CA0}.Debug|x64.Build.0 = Debug|x64
		{9AA811DD-A706-4D81-BE39-BA373A047CA0}.Debug|x86.ActiveCfg = Debug|Win32
		{9AA811DD-A706-4D81-BE39-BA373A047CA0}.Debug|x86.Build.0 = Debug|Win32
		{9AA811DD-A706-4D81-BE39-BA373A047CA0}.Release|x64.ActiveCfg = Release|x64
		{9AA811DD-A706-4D81-BE39-BA373A047CA0}.Release|x64.Build.0 = Release|x64
		{9AA811DD-A706-4D81-BE39-BA373A047CA0}.Release|x86.ActiveCfg = Release|Win32
		{9AA811DD-A706-4D81-BE39-BA373A047CA0}.Release|x86.Build.0 = Release|Win32
	EndGlobalSection
	GlobalSection(SolutionProperties) = preSolution
		HideSolutionNode = FALSE
	EndGlobalSection
	GlobalSection(ExtensibilityGlobals) = postSolution
		SolutionGuid = {8E86841A-5729-4F33-8735-4193D3155460}
	EndGlobalSection
EndGlobal
